// !$*UTF8*$!
{
	archiveVersion = 1;
	classes = {
	};
	objectVersion = 50;
	objects = {

/* Begin PBXBuildFile section */
		4D6721D62417DFAF0000B0B8 /* SpellsRoute.swift in Sources */ = {isa = PBXBuildFile; fileRef = 4D6721D52417DFAF0000B0B8 /* SpellsRoute.swift */; };
		4D6721D82417DFF30000B0B8 /* SpellsService.swift in Sources */ = {isa = PBXBuildFile; fileRef = 4D6721D72417DFF30000B0B8 /* SpellsService.swift */; };
		4DA79AFF241455800021B4A9 /* AppDelegate.swift in Sources */ = {isa = PBXBuildFile; fileRef = 4DA79AFE241455800021B4A9 /* AppDelegate.swift */; };
		4DA79B01241455800021B4A9 /* SceneDelegate.swift in Sources */ = {isa = PBXBuildFile; fileRef = 4DA79B00241455800021B4A9 /* SceneDelegate.swift */; };
		4DA79B08241455840021B4A9 /* Assets.xcassets in Resources */ = {isa = PBXBuildFile; fileRef = 4DA79B07241455840021B4A9 /* Assets.xcassets */; };
		4DA79B0B241455840021B4A9 /* LaunchScreen.storyboard in Resources */ = {isa = PBXBuildFile; fileRef = 4DA79B09241455840021B4A9 /* LaunchScreen.storyboard */; };
		4DA79B16241455840021B4A9 /* HappyPotterTests.swift in Sources */ = {isa = PBXBuildFile; fileRef = 4DA79B15241455840021B4A9 /* HappyPotterTests.swift */; };
		4DA79B21241455840021B4A9 /* HappyPotterUITests.swift in Sources */ = {isa = PBXBuildFile; fileRef = 4DA79B20241455840021B4A9 /* HappyPotterUITests.swift */; };
		4DA79B31241456870021B4A9 /* Coordinator.swift in Sources */ = {isa = PBXBuildFile; fileRef = 4DA79B30241456870021B4A9 /* Coordinator.swift */; };
		4DB449182414578F00C95A0E /* HousesViewController.xib in Resources */ = {isa = PBXBuildFile; fileRef = 4DB449072414578F00C95A0E /* HousesViewController.xib */; };
		4DB449192414578F00C95A0E /* HousesViewController.swift in Sources */ = {isa = PBXBuildFile; fileRef = 4DB449082414578F00C95A0E /* HousesViewController.swift */; };
		4DB4491A2414578F00C95A0E /* HousesViewModel.swift in Sources */ = {isa = PBXBuildFile; fileRef = 4DB449092414578F00C95A0E /* HousesViewModel.swift */; };
		4DB4491B2414578F00C95A0E /* HousesCoordinator.swift in Sources */ = {isa = PBXBuildFile; fileRef = 4DB4490A2414578F00C95A0E /* HousesCoordinator.swift */; };
		4DB4491C2414578F00C95A0E /* SpellsCoordinator.swift in Sources */ = {isa = PBXBuildFile; fileRef = 4DB4490C2414578F00C95A0E /* SpellsCoordinator.swift */; };
		4DB4491D2414578F00C95A0E /* SpellsViewModel.swift in Sources */ = {isa = PBXBuildFile; fileRef = 4DB4490D2414578F00C95A0E /* SpellsViewModel.swift */; };
		4DB4491E2414578F00C95A0E /* SpellsViewController.xib in Resources */ = {isa = PBXBuildFile; fileRef = 4DB4490E2414578F00C95A0E /* SpellsViewController.xib */; };
		4DB4491F2414578F00C95A0E /* SpellsViewController.swift in Sources */ = {isa = PBXBuildFile; fileRef = 4DB4490F2414578F00C95A0E /* SpellsViewController.swift */; };
		4DB449202414578F00C95A0E /* ApplicationCoordinator.swift in Sources */ = {isa = PBXBuildFile; fileRef = 4DB449112414578F00C95A0E /* ApplicationCoordinator.swift */; };
		4DB449212414578F00C95A0E /* TabBarCoordinator.swift in Sources */ = {isa = PBXBuildFile; fileRef = 4DB449122414578F00C95A0E /* TabBarCoordinator.swift */; };
		4DB449222414578F00C95A0E /* CharactersViewModel.swift in Sources */ = {isa = PBXBuildFile; fileRef = 4DB449142414578F00C95A0E /* CharactersViewModel.swift */; };
		4DB449232414578F00C95A0E /* CharactersCoordinator.swift in Sources */ = {isa = PBXBuildFile; fileRef = 4DB449152414578F00C95A0E /* CharactersCoordinator.swift */; };
		4DB449242414578F00C95A0E /* CharactersViewController.xib in Resources */ = {isa = PBXBuildFile; fileRef = 4DB449162414578F00C95A0E /* CharactersViewController.xib */; };
		4DB449252414578F00C95A0E /* CharactersViewController.swift in Sources */ = {isa = PBXBuildFile; fileRef = 4DB449172414578F00C95A0E /* CharactersViewController.swift */; };
		4DB4492A2414593D00C95A0E /* Character.swift in Sources */ = {isa = PBXBuildFile; fileRef = 4DB449272414593D00C95A0E /* Character.swift */; };
		4DB4492B2414593D00C95A0E /* House.swift in Sources */ = {isa = PBXBuildFile; fileRef = 4DB449282414593D00C95A0E /* House.swift */; };
		4DB4492C2414593D00C95A0E /* Spell.swift in Sources */ = {isa = PBXBuildFile; fileRef = 4DB449292414593D00C95A0E /* Spell.swift */; };
		4DB4492F241460BE00C95A0E /* RequestConfiguration.swift in Sources */ = {isa = PBXBuildFile; fileRef = 4DB4492E241460BE00C95A0E /* RequestConfiguration.swift */; };
		4DCEA47E24167622002F1184 /* NetworkRoute.swift in Sources */ = {isa = PBXBuildFile; fileRef = 4DCEA47D24167622002F1184 /* NetworkRoute.swift */; };
		4DCEA48024167630002F1184 /* HousesRoute.swift in Sources */ = {isa = PBXBuildFile; fileRef = 4DCEA47F24167630002F1184 /* HousesRoute.swift */; };
		4DCEA4822416786A002F1184 /* HousesService.swift in Sources */ = {isa = PBXBuildFile; fileRef = 4DCEA4812416786A002F1184 /* HousesService.swift */; };
		4DCEA484241678CC002F1184 /* NetworkManagerProtocol.swift in Sources */ = {isa = PBXBuildFile; fileRef = 4DCEA483241678CC002F1184 /* NetworkManagerProtocol.swift */; };
		4DCEA486241678E7002F1184 /* NetworkManager.swift in Sources */ = {isa = PBXBuildFile; fileRef = 4DCEA485241678E7002F1184 /* NetworkManager.swift */; };
		4DCEA48924167AD6002F1184 /* Data+Extension.swift in Sources */ = {isa = PBXBuildFile; fileRef = 4DCEA48824167AD6002F1184 /* Data+Extension.swift */; };
		4DCEA48B241689A1002F1184 /* URLComponents+Extension.swift in Sources */ = {isa = PBXBuildFile; fileRef = 4DCEA48A241689A1002F1184 /* URLComponents+Extension.swift */; };
		4DCEA48F2416A83F002F1184 /* NetworkError.swift in Sources */ = {isa = PBXBuildFile; fileRef = 4DCEA48E2416A83F002F1184 /* NetworkError.swift */; };
/* End PBXBuildFile section */

/* Begin PBXContainerItemProxy section */
		4DA79B12241455840021B4A9 /* PBXContainerItemProxy */ = {
			isa = PBXContainerItemProxy;
			containerPortal = 4DA79AF3241455800021B4A9 /* Project object */;
			proxyType = 1;
			remoteGlobalIDString = 4DA79AFA241455800021B4A9;
			remoteInfo = HappyPotter;
		};
		4DA79B1D241455840021B4A9 /* PBXContainerItemProxy */ = {
			isa = PBXContainerItemProxy;
			containerPortal = 4DA79AF3241455800021B4A9 /* Project object */;
			proxyType = 1;
			remoteGlobalIDString = 4DA79AFA241455800021B4A9;
			remoteInfo = HappyPotter;
		};
/* End PBXContainerItemProxy section */

/* Begin PBXFileReference section */
		4D6721D52417DFAF0000B0B8 /* SpellsRoute.swift */ = {isa = PBXFileReference; lastKnownFileType = sourcecode.swift; path = SpellsRoute.swift; sourceTree = "<group>"; };
		4D6721D72417DFF30000B0B8 /* SpellsService.swift */ = {isa = PBXFileReference; lastKnownFileType = sourcecode.swift; path = SpellsService.swift; sourceTree = "<group>"; };
		4DA79AFB241455800021B4A9 /* HappyPotter.app */ = {isa = PBXFileReference; explicitFileType = wrapper.application; includeInIndex = 0; path = HappyPotter.app; sourceTree = BUILT_PRODUCTS_DIR; };
		4DA79AFE241455800021B4A9 /* AppDelegate.swift */ = {isa = PBXFileReference; lastKnownFileType = sourcecode.swift; path = AppDelegate.swift; sourceTree = "<group>"; };
		4DA79B00241455800021B4A9 /* SceneDelegate.swift */ = {isa = PBXFileReference; lastKnownFileType = sourcecode.swift; path = SceneDelegate.swift; sourceTree = "<group>"; };
		4DA79B07241455840021B4A9 /* Assets.xcassets */ = {isa = PBXFileReference; lastKnownFileType = folder.assetcatalog; path = Assets.xcassets; sourceTree = "<group>"; };
		4DA79B0A241455840021B4A9 /* Base */ = {isa = PBXFileReference; lastKnownFileType = file.storyboard; name = Base; path = Base.lproj/LaunchScreen.storyboard; sourceTree = "<group>"; };
		4DA79B0C241455840021B4A9 /* Info.plist */ = {isa = PBXFileReference; lastKnownFileType = text.plist.xml; path = Info.plist; sourceTree = "<group>"; };
		4DA79B11241455840021B4A9 /* HappyPotterTests.xctest */ = {isa = PBXFileReference; explicitFileType = wrapper.cfbundle; includeInIndex = 0; path = HappyPotterTests.xctest; sourceTree = BUILT_PRODUCTS_DIR; };
		4DA79B15241455840021B4A9 /* HappyPotterTests.swift */ = {isa = PBXFileReference; lastKnownFileType = sourcecode.swift; path = HappyPotterTests.swift; sourceTree = "<group>"; };
		4DA79B17241455840021B4A9 /* Info.plist */ = {isa = PBXFileReference; lastKnownFileType = text.plist.xml; path = Info.plist; sourceTree = "<group>"; };
		4DA79B1C241455840021B4A9 /* HappyPotterUITests.xctest */ = {isa = PBXFileReference; explicitFileType = wrapper.cfbundle; includeInIndex = 0; path = HappyPotterUITests.xctest; sourceTree = BUILT_PRODUCTS_DIR; };
		4DA79B20241455840021B4A9 /* HappyPotterUITests.swift */ = {isa = PBXFileReference; lastKnownFileType = sourcecode.swift; path = HappyPotterUITests.swift; sourceTree = "<group>"; };
		4DA79B22241455840021B4A9 /* Info.plist */ = {isa = PBXFileReference; lastKnownFileType = text.plist.xml; path = Info.plist; sourceTree = "<group>"; };
		4DA79B30241456870021B4A9 /* Coordinator.swift */ = {isa = PBXFileReference; fileEncoding = 4; lastKnownFileType = sourcecode.swift; path = Coordinator.swift; sourceTree = "<group>"; };
		4DB449072414578F00C95A0E /* HousesViewController.xib */ = {isa = PBXFileReference; fileEncoding = 4; lastKnownFileType = file.xib; path = HousesViewController.xib; sourceTree = "<group>"; };
		4DB449082414578F00C95A0E /* HousesViewController.swift */ = {isa = PBXFileReference; fileEncoding = 4; lastKnownFileType = sourcecode.swift; path = HousesViewController.swift; sourceTree = "<group>"; };
		4DB449092414578F00C95A0E /* HousesViewModel.swift */ = {isa = PBXFileReference; fileEncoding = 4; lastKnownFileType = sourcecode.swift; path = HousesViewModel.swift; sourceTree = "<group>"; };
		4DB4490A2414578F00C95A0E /* HousesCoordinator.swift */ = {isa = PBXFileReference; fileEncoding = 4; lastKnownFileType = sourcecode.swift; path = HousesCoordinator.swift; sourceTree = "<group>"; };
		4DB4490C2414578F00C95A0E /* SpellsCoordinator.swift */ = {isa = PBXFileReference; fileEncoding = 4; lastKnownFileType = sourcecode.swift; path = SpellsCoordinator.swift; sourceTree = "<group>"; };
		4DB4490D2414578F00C95A0E /* SpellsViewModel.swift */ = {isa = PBXFileReference; fileEncoding = 4; lastKnownFileType = sourcecode.swift; path = SpellsViewModel.swift; sourceTree = "<group>"; };
		4DB4490E2414578F00C95A0E /* SpellsViewController.xib */ = {isa = PBXFileReference; fileEncoding = 4; lastKnownFileType = file.xib; path = SpellsViewController.xib; sourceTree = "<group>"; };
		4DB4490F2414578F00C95A0E /* SpellsViewController.swift */ = {isa = PBXFileReference; fileEncoding = 4; lastKnownFileType = sourcecode.swift; path = SpellsViewController.swift; sourceTree = "<group>"; };
		4DB449112414578F00C95A0E /* ApplicationCoordinator.swift */ = {isa = PBXFileReference; fileEncoding = 4; lastKnownFileType = sourcecode.swift; path = ApplicationCoordinator.swift; sourceTree = "<group>"; };
		4DB449122414578F00C95A0E /* TabBarCoordinator.swift */ = {isa = PBXFileReference; fileEncoding = 4; lastKnownFileType = sourcecode.swift; path = TabBarCoordinator.swift; sourceTree = "<group>"; };
		4DB449142414578F00C95A0E /* CharactersViewModel.swift */ = {isa = PBXFileReference; fileEncoding = 4; lastKnownFileType = sourcecode.swift; path = CharactersViewModel.swift; sourceTree = "<group>"; };
		4DB449152414578F00C95A0E /* CharactersCoordinator.swift */ = {isa = PBXFileReference; fileEncoding = 4; lastKnownFileType = sourcecode.swift; path = CharactersCoordinator.swift; sourceTree = "<group>"; };
		4DB449162414578F00C95A0E /* CharactersViewController.xib */ = {isa = PBXFileReference; fileEncoding = 4; lastKnownFileType = file.xib; path = CharactersViewController.xib; sourceTree = "<group>"; };
		4DB449172414578F00C95A0E /* CharactersViewController.swift */ = {isa = PBXFileReference; fileEncoding = 4; lastKnownFileType = sourcecode.swift; path = CharactersViewController.swift; sourceTree = "<group>"; };
		4DB449272414593D00C95A0E /* Character.swift */ = {isa = PBXFileReference; fileEncoding = 4; lastKnownFileType = sourcecode.swift; path = Character.swift; sourceTree = "<group>"; };
		4DB449282414593D00C95A0E /* House.swift */ = {isa = PBXFileReference; fileEncoding = 4; lastKnownFileType = sourcecode.swift; path = House.swift; sourceTree = "<group>"; };
		4DB449292414593D00C95A0E /* Spell.swift */ = {isa = PBXFileReference; fileEncoding = 4; lastKnownFileType = sourcecode.swift; path = Spell.swift; sourceTree = "<group>"; };
		4DB4492E241460BE00C95A0E /* RequestConfiguration.swift */ = {isa = PBXFileReference; fileEncoding = 4; lastKnownFileType = sourcecode.swift; path = RequestConfiguration.swift; sourceTree = "<group>"; };
		4DCEA47D24167622002F1184 /* NetworkRoute.swift */ = {isa = PBXFileReference; lastKnownFileType = sourcecode.swift; path = NetworkRoute.swift; sourceTree = "<group>"; };
		4DCEA47F24167630002F1184 /* HousesRoute.swift */ = {isa = PBXFileReference; lastKnownFileType = sourcecode.swift; path = HousesRoute.swift; sourceTree = "<group>"; };
		4DCEA4812416786A002F1184 /* HousesService.swift */ = {isa = PBXFileReference; lastKnownFileType = sourcecode.swift; path = HousesService.swift; sourceTree = "<group>"; };
		4DCEA483241678CC002F1184 /* NetworkManagerProtocol.swift */ = {isa = PBXFileReference; lastKnownFileType = sourcecode.swift; path = NetworkManagerProtocol.swift; sourceTree = "<group>"; };
		4DCEA485241678E7002F1184 /* NetworkManager.swift */ = {isa = PBXFileReference; lastKnownFileType = sourcecode.swift; path = NetworkManager.swift; sourceTree = "<group>"; };
		4DCEA48824167AD6002F1184 /* Data+Extension.swift */ = {isa = PBXFileReference; lastKnownFileType = sourcecode.swift; path = "Data+Extension.swift"; sourceTree = "<group>"; };
		4DCEA48A241689A1002F1184 /* URLComponents+Extension.swift */ = {isa = PBXFileReference; lastKnownFileType = sourcecode.swift; path = "URLComponents+Extension.swift"; sourceTree = "<group>"; };
		4DCEA48E2416A83F002F1184 /* NetworkError.swift */ = {isa = PBXFileReference; lastKnownFileType = sourcecode.swift; path = NetworkError.swift; sourceTree = "<group>"; };
/* End PBXFileReference section */

/* Begin PBXFrameworksBuildPhase section */
		4DA79AF8241455800021B4A9 /* Frameworks */ = {
			isa = PBXFrameworksBuildPhase;
			buildActionMask = 2147483647;
			files = (
			);
			runOnlyForDeploymentPostprocessing = 0;
		};
		4DA79B0E241455840021B4A9 /* Frameworks */ = {
			isa = PBXFrameworksBuildPhase;
			buildActionMask = 2147483647;
			files = (
			);
			runOnlyForDeploymentPostprocessing = 0;
		};
		4DA79B19241455840021B4A9 /* Frameworks */ = {
			isa = PBXFrameworksBuildPhase;
			buildActionMask = 2147483647;
			files = (
			);
			runOnlyForDeploymentPostprocessing = 0;
		};
/* End PBXFrameworksBuildPhase section */

/* Begin PBXGroup section */
		4DA79AF2241455800021B4A9 = {
			isa = PBXGroup;
			children = (
				4DA79AFD241455800021B4A9 /* HappyPotter */,
				4DA79B14241455840021B4A9 /* HappyPotterTests */,
				4DA79B1F241455840021B4A9 /* HappyPotterUITests */,
				4DA79AFC241455800021B4A9 /* Products */,
			);
			sourceTree = "<group>";
		};
		4DA79AFC241455800021B4A9 /* Products */ = {
			isa = PBXGroup;
			children = (
				4DA79AFB241455800021B4A9 /* HappyPotter.app */,
				4DA79B11241455840021B4A9 /* HappyPotterTests.xctest */,
				4DA79B1C241455840021B4A9 /* HappyPotterUITests.xctest */,
			);
			name = Products;
			sourceTree = "<group>";
		};
		4DA79AFD241455800021B4A9 /* HappyPotter */ = {
			isa = PBXGroup;
			children = (
				4DA79B2E241456630021B4A9 /* Application */,
				4DCEA48724167AC5002F1184 /* Extensions */,
				4DA79B09241455840021B4A9 /* LaunchScreen.storyboard */,
				4DB449262414593D00C95A0E /* Models */,
				4DB4492D241460BE00C95A0E /* Network */,
				4DA79B2F241456720021B4A9 /* Resources */,
				4DB449052414578F00C95A0E /* Scenes */,
			);
			path = HappyPotter;
			sourceTree = "<group>";
		};
		4DA79B14241455840021B4A9 /* HappyPotterTests */ = {
			isa = PBXGroup;
			children = (
				4DA79B15241455840021B4A9 /* HappyPotterTests.swift */,
				4DA79B17241455840021B4A9 /* Info.plist */,
			);
			path = HappyPotterTests;
			sourceTree = "<group>";
		};
		4DA79B1F241455840021B4A9 /* HappyPotterUITests */ = {
			isa = PBXGroup;
			children = (
				4DA79B20241455840021B4A9 /* HappyPotterUITests.swift */,
				4DA79B22241455840021B4A9 /* Info.plist */,
			);
			path = HappyPotterUITests;
			sourceTree = "<group>";
		};
		4DA79B2E241456630021B4A9 /* Application */ = {
			isa = PBXGroup;
			children = (
				4DA79AFE241455800021B4A9 /* AppDelegate.swift */,
				4DA79B30241456870021B4A9 /* Coordinator.swift */,
				4DA79B0C241455840021B4A9 /* Info.plist */,
				4DA79B00241455800021B4A9 /* SceneDelegate.swift */,
			);
			path = Application;
			sourceTree = "<group>";
		};
		4DA79B2F241456720021B4A9 /* Resources */ = {
			isa = PBXGroup;
			children = (
				4DA79B07241455840021B4A9 /* Assets.xcassets */,
			);
			path = Resources;
			sourceTree = "<group>";
		};
		4DB449052414578F00C95A0E /* Scenes */ = {
			isa = PBXGroup;
			children = (
				4DB449102414578F00C95A0E /* Application */,
				4DB449132414578F00C95A0E /* Characters */,
				4DB449062414578F00C95A0E /* Houses */,
				4DB4490B2414578F00C95A0E /* Spells */,
			);
			path = Scenes;
			sourceTree = "<group>";
		};
		4DB449062414578F00C95A0E /* Houses */ = {
			isa = PBXGroup;
			children = (
				4DB4490A2414578F00C95A0E /* HousesCoordinator.swift */,
				4DCEA4812416786A002F1184 /* HousesService.swift */,
				4DB449082414578F00C95A0E /* HousesViewController.swift */,
				4DB449072414578F00C95A0E /* HousesViewController.xib */,
				4DB449092414578F00C95A0E /* HousesViewModel.swift */,
			);
			path = Houses;
			sourceTree = "<group>";
		};
		4DB4490B2414578F00C95A0E /* Spells */ = {
			isa = PBXGroup;
			children = (
				4DB4490C2414578F00C95A0E /* SpellsCoordinator.swift */,
				4D6721D72417DFF30000B0B8 /* SpellsService.swift */,
				4DB4490F2414578F00C95A0E /* SpellsViewController.swift */,
				4DB4490E2414578F00C95A0E /* SpellsViewController.xib */,
				4DB4490D2414578F00C95A0E /* SpellsViewModel.swift */,
			);
			path = Spells;
			sourceTree = "<group>";
		};
		4DB449102414578F00C95A0E /* Application */ = {
			isa = PBXGroup;
			children = (
				4DB449112414578F00C95A0E /* ApplicationCoordinator.swift */,
				4DB449122414578F00C95A0E /* TabBarCoordinator.swift */,
			);
			path = Application;
			sourceTree = "<group>";
		};
		4DB449132414578F00C95A0E /* Characters */ = {
			isa = PBXGroup;
			children = (
				4DB449152414578F00C95A0E /* CharactersCoordinator.swift */,
				4DB449172414578F00C95A0E /* CharactersViewController.swift */,
				4DB449162414578F00C95A0E /* CharactersViewController.xib */,
				4DB449142414578F00C95A0E /* CharactersViewModel.swift */,
			);
			path = Characters;
			sourceTree = "<group>";
		};
		4DB449262414593D00C95A0E /* Models */ = {
			isa = PBXGroup;
			children = (
				4DB449272414593D00C95A0E /* Character.swift */,
				4DB449282414593D00C95A0E /* House.swift */,
				4DB449292414593D00C95A0E /* Spell.swift */,
			);
			path = Models;
			sourceTree = "<group>";
		};
		4DB4492D241460BE00C95A0E /* Network */ = {
			isa = PBXGroup;
			children = (
				4DCEA48E2416A83F002F1184 /* NetworkError.swift */,
				4DCEA485241678E7002F1184 /* NetworkManager.swift */,
				4DCEA483241678CC002F1184 /* NetworkManagerProtocol.swift */,
				4DCEA47D24167622002F1184 /* NetworkRoute.swift */,
				4DB4492E241460BE00C95A0E /* RequestConfiguration.swift */,
				4DCEA47C24167607002F1184 /* Routes */,
			);
			path = Network;
			sourceTree = "<group>";
		};
		4DCEA47C24167607002F1184 /* Routes */ = {
			isa = PBXGroup;
			children = (
				4DCEA47F24167630002F1184 /* HousesRoute.swift */,
				4D6721D52417DFAF0000B0B8 /* SpellsRoute.swift */,
			);
			path = Routes;
			sourceTree = "<group>";
		};
		4DCEA48724167AC5002F1184 /* Extensions */ = {
			isa = PBXGroup;
			children = (
				4DCEA48824167AD6002F1184 /* Data+Extension.swift */,
				4DCEA48A241689A1002F1184 /* URLComponents+Extension.swift */,
			);
			path = Extensions;
			sourceTree = "<group>";
		};
/* End PBXGroup section */

/* Begin PBXNativeTarget section */
		4DA79AFA241455800021B4A9 /* HappyPotter */ = {
			isa = PBXNativeTarget;
			buildConfigurationList = 4DA79B25241455840021B4A9 /* Build configuration list for PBXNativeTarget "HappyPotter" */;
			buildPhases = (
				4DA79AF7241455800021B4A9 /* Sources */,
				4DA79AF8241455800021B4A9 /* Frameworks */,
				4DA79AF9241455800021B4A9 /* Resources */,
			);
			buildRules = (
			);
			dependencies = (
			);
			name = HappyPotter;
			productName = HappyPotter;
			productReference = 4DA79AFB241455800021B4A9 /* HappyPotter.app */;
			productType = "com.apple.product-type.application";
		};
		4DA79B10241455840021B4A9 /* HappyPotterTests */ = {
			isa = PBXNativeTarget;
			buildConfigurationList = 4DA79B28241455840021B4A9 /* Build configuration list for PBXNativeTarget "HappyPotterTests" */;
			buildPhases = (
				4DA79B0D241455840021B4A9 /* Sources */,
				4DA79B0E241455840021B4A9 /* Frameworks */,
				4DA79B0F241455840021B4A9 /* Resources */,
			);
			buildRules = (
			);
			dependencies = (
				4DA79B13241455840021B4A9 /* PBXTargetDependency */,
			);
			name = HappyPotterTests;
			productName = HappyPotterTests;
			productReference = 4DA79B11241455840021B4A9 /* HappyPotterTests.xctest */;
			productType = "com.apple.product-type.bundle.unit-test";
		};
		4DA79B1B241455840021B4A9 /* HappyPotterUITests */ = {
			isa = PBXNativeTarget;
			buildConfigurationList = 4DA79B2B241455840021B4A9 /* Build configuration list for PBXNativeTarget "HappyPotterUITests" */;
			buildPhases = (
				4DA79B18241455840021B4A9 /* Sources */,
				4DA79B19241455840021B4A9 /* Frameworks */,
				4DA79B1A241455840021B4A9 /* Resources */,
			);
			buildRules = (
			);
			dependencies = (
				4DA79B1E241455840021B4A9 /* PBXTargetDependency */,
			);
			name = HappyPotterUITests;
			productName = HappyPotterUITests;
			productReference = 4DA79B1C241455840021B4A9 /* HappyPotterUITests.xctest */;
			productType = "com.apple.product-type.bundle.ui-testing";
		};
/* End PBXNativeTarget section */

/* Begin PBXProject section */
		4DA79AF3241455800021B4A9 /* Project object */ = {
			isa = PBXProject;
			attributes = {
				LastSwiftUpdateCheck = 1130;
				LastUpgradeCheck = 1130;
				ORGANIZATIONNAME = Siqueira;
				TargetAttributes = {
					4DA79AFA241455800021B4A9 = {
						CreatedOnToolsVersion = 11.3.1;
					};
					4DA79B10241455840021B4A9 = {
						CreatedOnToolsVersion = 11.3.1;
						TestTargetID = 4DA79AFA241455800021B4A9;
					};
					4DA79B1B241455840021B4A9 = {
						CreatedOnToolsVersion = 11.3.1;
						TestTargetID = 4DA79AFA241455800021B4A9;
					};
				};
			};
			buildConfigurationList = 4DA79AF6241455800021B4A9 /* Build configuration list for PBXProject "HappyPotter" */;
			compatibilityVersion = "Xcode 9.3";
			developmentRegion = en;
			hasScannedForEncodings = 0;
			knownRegions = (
				en,
				Base,
			);
			mainGroup = 4DA79AF2241455800021B4A9;
			productRefGroup = 4DA79AFC241455800021B4A9 /* Products */;
			projectDirPath = "";
			projectRoot = "";
			targets = (
				4DA79AFA241455800021B4A9 /* HappyPotter */,
				4DA79B10241455840021B4A9 /* HappyPotterTests */,
				4DA79B1B241455840021B4A9 /* HappyPotterUITests */,
			);
		};
/* End PBXProject section */

/* Begin PBXResourcesBuildPhase section */
		4DA79AF9241455800021B4A9 /* Resources */ = {
			isa = PBXResourcesBuildPhase;
			buildActionMask = 2147483647;
			files = (
				4DB449242414578F00C95A0E /* CharactersViewController.xib in Resources */,
				4DA79B0B241455840021B4A9 /* LaunchScreen.storyboard in Resources */,
				4DA79B08241455840021B4A9 /* Assets.xcassets in Resources */,
				4DB4491E2414578F00C95A0E /* SpellsViewController.xib in Resources */,
				4DB449182414578F00C95A0E /* HousesViewController.xib in Resources */,
			);
			runOnlyForDeploymentPostprocessing = 0;
		};
		4DA79B0F241455840021B4A9 /* Resources */ = {
			isa = PBXResourcesBuildPhase;
			buildActionMask = 2147483647;
			files = (
			);
			runOnlyForDeploymentPostprocessing = 0;
		};
		4DA79B1A241455840021B4A9 /* Resources */ = {
			isa = PBXResourcesBuildPhase;
			buildActionMask = 2147483647;
			files = (
			);
			runOnlyForDeploymentPostprocessing = 0;
		};
/* End PBXResourcesBuildPhase section */

/* Begin PBXSourcesBuildPhase section */
		4DA79AF7241455800021B4A9 /* Sources */ = {
			isa = PBXSourcesBuildPhase;
			buildActionMask = 2147483647;
			files = (
				4DCEA486241678E7002F1184 /* NetworkManager.swift in Sources */,
				4DCEA484241678CC002F1184 /* NetworkManagerProtocol.swift in Sources */,
				4DB449192414578F00C95A0E /* HousesViewController.swift in Sources */,
				4DB4491D2414578F00C95A0E /* SpellsViewModel.swift in Sources */,
				4DB449212414578F00C95A0E /* TabBarCoordinator.swift in Sources */,
				4DCEA48B241689A1002F1184 /* URLComponents+Extension.swift in Sources */,
				4D6721D62417DFAF0000B0B8 /* SpellsRoute.swift in Sources */,
				4DB4491C2414578F00C95A0E /* SpellsCoordinator.swift in Sources */,
				4DB4491B2414578F00C95A0E /* HousesCoordinator.swift in Sources */,
				4DB449222414578F00C95A0E /* CharactersViewModel.swift in Sources */,
				4DB449232414578F00C95A0E /* CharactersCoordinator.swift in Sources */,
				4DA79B31241456870021B4A9 /* Coordinator.swift in Sources */,
				4DCEA47E24167622002F1184 /* NetworkRoute.swift in Sources */,
				4DB449252414578F00C95A0E /* CharactersViewController.swift in Sources */,
				4DCEA48024167630002F1184 /* HousesRoute.swift in Sources */,
				4DB4491A2414578F00C95A0E /* HousesViewModel.swift in Sources */,
				4DB4492B2414593D00C95A0E /* House.swift in Sources */,
				4DB4491F2414578F00C95A0E /* SpellsViewController.swift in Sources */,
				4D6721D82417DFF30000B0B8 /* SpellsService.swift in Sources */,
				4DB4492F241460BE00C95A0E /* RequestConfiguration.swift in Sources */,
				4DCEA48924167AD6002F1184 /* Data+Extension.swift in Sources */,
				4DA79AFF241455800021B4A9 /* AppDelegate.swift in Sources */,
				4DB4492C2414593D00C95A0E /* Spell.swift in Sources */,
				4DB4492A2414593D00C95A0E /* Character.swift in Sources */,
				4DCEA4822416786A002F1184 /* HousesService.swift in Sources */,
				4DCEA48F2416A83F002F1184 /* NetworkError.swift in Sources */,
				4DA79B01241455800021B4A9 /* SceneDelegate.swift in Sources */,
				4DB449202414578F00C95A0E /* ApplicationCoordinator.swift in Sources */,
			);
			runOnlyForDeploymentPostprocessing = 0;
		};
		4DA79B0D241455840021B4A9 /* Sources */ = {
			isa = PBXSourcesBuildPhase;
			buildActionMask = 2147483647;
			files = (
				4DA79B16241455840021B4A9 /* HappyPotterTests.swift in Sources */,
			);
			runOnlyForDeploymentPostprocessing = 0;
		};
		4DA79B18241455840021B4A9 /* Sources */ = {
			isa = PBXSourcesBuildPhase;
			buildActionMask = 2147483647;
			files = (
				4DA79B21241455840021B4A9 /* HappyPotterUITests.swift in Sources */,
			);
			runOnlyForDeploymentPostprocessing = 0;
		};
/* End PBXSourcesBuildPhase section */

/* Begin PBXTargetDependency section */
		4DA79B13241455840021B4A9 /* PBXTargetDependency */ = {
			isa = PBXTargetDependency;
			target = 4DA79AFA241455800021B4A9 /* HappyPotter */;
			targetProxy = 4DA79B12241455840021B4A9 /* PBXContainerItemProxy */;
		};
		4DA79B1E241455840021B4A9 /* PBXTargetDependency */ = {
			isa = PBXTargetDependency;
			target = 4DA79AFA241455800021B4A9 /* HappyPotter */;
			targetProxy = 4DA79B1D241455840021B4A9 /* PBXContainerItemProxy */;
		};
/* End PBXTargetDependency section */

/* Begin PBXVariantGroup section */
		4DA79B09241455840021B4A9 /* LaunchScreen.storyboard */ = {
			isa = PBXVariantGroup;
			children = (
				4DA79B0A241455840021B4A9 /* Base */,
			);
			name = LaunchScreen.storyboard;
			sourceTree = "<group>";
		};
/* End PBXVariantGroup section */

/* Begin XCBuildConfiguration section */
		4DA79B23241455840021B4A9 /* Debug */ = {
			isa = XCBuildConfiguration;
			buildSettings = {
				ALWAYS_SEARCH_USER_PATHS = NO;
				CLANG_ANALYZER_NONNULL = YES;
				CLANG_ANALYZER_NUMBER_OBJECT_CONVERSION = YES_AGGRESSIVE;
				CLANG_CXX_LANGUAGE_STANDARD = "gnu++14";
				CLANG_CXX_LIBRARY = "libc++";
				CLANG_ENABLE_MODULES = YES;
				CLANG_ENABLE_OBJC_ARC = YES;
				CLANG_ENABLE_OBJC_WEAK = YES;
				CLANG_WARN_BLOCK_CAPTURE_AUTORELEASING = YES;
				CLANG_WARN_BOOL_CONVERSION = YES;
				CLANG_WARN_COMMA = YES;
				CLANG_WARN_CONSTANT_CONVERSION = YES;
				CLANG_WARN_DEPRECATED_OBJC_IMPLEMENTATIONS = YES;
				CLANG_WARN_DIRECT_OBJC_ISA_USAGE = YES_ERROR;
				CLANG_WARN_DOCUMENTATION_COMMENTS = YES;
				CLANG_WARN_EMPTY_BODY = YES;
				CLANG_WARN_ENUM_CONVERSION = YES;
				CLANG_WARN_INFINITE_RECURSION = YES;
				CLANG_WARN_INT_CONVERSION = YES;
				CLANG_WARN_NON_LITERAL_NULL_CONVERSION = YES;
				CLANG_WARN_OBJC_IMPLICIT_RETAIN_SELF = YES;
				CLANG_WARN_OBJC_LITERAL_CONVERSION = YES;
				CLANG_WARN_OBJC_ROOT_CLASS = YES_ERROR;
				CLANG_WARN_RANGE_LOOP_ANALYSIS = YES;
				CLANG_WARN_STRICT_PROTOTYPES = YES;
				CLANG_WARN_SUSPICIOUS_MOVE = YES;
				CLANG_WARN_UNGUARDED_AVAILABILITY = YES_AGGRESSIVE;
				CLANG_WARN_UNREACHABLE_CODE = YES;
				CLANG_WARN__DUPLICATE_METHOD_MATCH = YES;
				COPY_PHASE_STRIP = NO;
				DEBUG_INFORMATION_FORMAT = dwarf;
				ENABLE_STRICT_OBJC_MSGSEND = YES;
				ENABLE_TESTABILITY = YES;
				GCC_C_LANGUAGE_STANDARD = gnu11;
				GCC_DYNAMIC_NO_PIC = NO;
				GCC_NO_COMMON_BLOCKS = YES;
				GCC_OPTIMIZATION_LEVEL = 0;
				GCC_PREPROCESSOR_DEFINITIONS = (
					"DEBUG=1",
					"$(inherited)",
				);
				GCC_WARN_64_TO_32_BIT_CONVERSION = YES;
				GCC_WARN_ABOUT_RETURN_TYPE = YES_ERROR;
				GCC_WARN_UNDECLARED_SELECTOR = YES;
				GCC_WARN_UNINITIALIZED_AUTOS = YES_AGGRESSIVE;
				GCC_WARN_UNUSED_FUNCTION = YES;
				GCC_WARN_UNUSED_VARIABLE = YES;
				IPHONEOS_DEPLOYMENT_TARGET = 13.2;
				MTL_ENABLE_DEBUG_INFO = INCLUDE_SOURCE;
				MTL_FAST_MATH = YES;
				ONLY_ACTIVE_ARCH = YES;
				SDKROOT = iphoneos;
				SWIFT_ACTIVE_COMPILATION_CONDITIONS = DEBUG;
				SWIFT_OPTIMIZATION_LEVEL = "-Onone";
			};
			name = Debug;
		};
		4DA79B24241455840021B4A9 /* Release */ = {
			isa = XCBuildConfiguration;
			buildSettings = {
				ALWAYS_SEARCH_USER_PATHS = NO;
				CLANG_ANALYZER_NONNULL = YES;
				CLANG_ANALYZER_NUMBER_OBJECT_CONVERSION = YES_AGGRESSIVE;
				CLANG_CXX_LANGUAGE_STANDARD = "gnu++14";
				CLANG_CXX_LIBRARY = "libc++";
				CLANG_ENABLE_MODULES = YES;
				CLANG_ENABLE_OBJC_ARC = YES;
				CLANG_ENABLE_OBJC_WEAK = YES;
				CLANG_WARN_BLOCK_CAPTURE_AUTORELEASING = YES;
				CLANG_WARN_BOOL_CONVERSION = YES;
				CLANG_WARN_COMMA = YES;
				CLANG_WARN_CONSTANT_CONVERSION = YES;
				CLANG_WARN_DEPRECATED_OBJC_IMPLEMENTATIONS = YES;
				CLANG_WARN_DIRECT_OBJC_ISA_USAGE = YES_ERROR;
				CLANG_WARN_DOCUMENTATION_COMMENTS = YES;
				CLANG_WARN_EMPTY_BODY = YES;
				CLANG_WARN_ENUM_CONVERSION = YES;
				CLANG_WARN_INFINITE_RECURSION = YES;
				CLANG_WARN_INT_CONVERSION = YES;
				CLANG_WARN_NON_LITERAL_NULL_CONVERSION = YES;
				CLANG_WARN_OBJC_IMPLICIT_RETAIN_SELF = YES;
				CLANG_WARN_OBJC_LITERAL_CONVERSION = YES;
				CLANG_WARN_OBJC_ROOT_CLASS = YES_ERROR;
				CLANG_WARN_RANGE_LOOP_ANALYSIS = YES;
				CLANG_WARN_STRICT_PROTOTYPES = YES;
				CLANG_WARN_SUSPICIOUS_MOVE = YES;
				CLANG_WARN_UNGUARDED_AVAILABILITY = YES_AGGRESSIVE;
				CLANG_WARN_UNREACHABLE_CODE = YES;
				CLANG_WARN__DUPLICATE_METHOD_MATCH = YES;
				COPY_PHASE_STRIP = NO;
				DEBUG_INFORMATION_FORMAT = "dwarf-with-dsym";
				ENABLE_NS_ASSERTIONS = NO;
				ENABLE_STRICT_OBJC_MSGSEND = YES;
				GCC_C_LANGUAGE_STANDARD = gnu11;
				GCC_NO_COMMON_BLOCKS = YES;
				GCC_WARN_64_TO_32_BIT_CONVERSION = YES;
				GCC_WARN_ABOUT_RETURN_TYPE = YES_ERROR;
				GCC_WARN_UNDECLARED_SELECTOR = YES;
				GCC_WARN_UNINITIALIZED_AUTOS = YES_AGGRESSIVE;
				GCC_WARN_UNUSED_FUNCTION = YES;
				GCC_WARN_UNUSED_VARIABLE = YES;
				IPHONEOS_DEPLOYMENT_TARGET = 13.2;
				MTL_ENABLE_DEBUG_INFO = NO;
				MTL_FAST_MATH = YES;
				SDKROOT = iphoneos;
				SWIFT_COMPILATION_MODE = wholemodule;
				SWIFT_OPTIMIZATION_LEVEL = "-O";
				VALIDATE_PRODUCT = YES;
			};
			name = Release;
		};
		4DA79B26241455840021B4A9 /* Debug */ = {
			isa = XCBuildConfiguration;
			buildSettings = {
				ASSETCATALOG_COMPILER_APPICON_NAME = AppIcon;
				CODE_SIGN_STYLE = Automatic;
				DEVELOPMENT_TEAM = 95JV778GN4;
				INFOPLIST_FILE = HappyPotter/Application/Info.plist;
				LD_RUNPATH_SEARCH_PATHS = (
					"$(inherited)",
					"@executable_path/Frameworks",
				);
				PRODUCT_BUNDLE_IDENTIFIER = com.siqueira.HappyPotter;
				PRODUCT_NAME = "$(TARGET_NAME)";
				SWIFT_VERSION = 5.0;
				TARGETED_DEVICE_FAMILY = 1;
			};
			name = Debug;
		};
		4DA79B27241455840021B4A9 /* Release */ = {
			isa = XCBuildConfiguration;
			buildSettings = {
				ASSETCATALOG_COMPILER_APPICON_NAME = AppIcon;
				CODE_SIGN_STYLE = Automatic;
				DEVELOPMENT_TEAM = 95JV778GN4;
				INFOPLIST_FILE = HappyPotter/Application/Info.plist;
				LD_RUNPATH_SEARCH_PATHS = (
					"$(inherited)",
					"@executable_path/Frameworks",
				);
				PRODUCT_BUNDLE_IDENTIFIER = com.siqueira.HappyPotter;
				PRODUCT_NAME = "$(TARGET_NAME)";
				SWIFT_VERSION = 5.0;
				TARGETED_DEVICE_FAMILY = 1;
			};
			name = Release;
		};
		4DA79B29241455840021B4A9 /* Debug */ = {
			isa = XCBuildConfiguration;
			buildSettings = {
				ALWAYS_EMBED_SWIFT_STANDARD_LIBRARIES = YES;
				BUNDLE_LOADER = "$(TEST_HOST)";
				CODE_SIGN_STYLE = Automatic;
				DEVELOPMENT_TEAM = 95JV778GN4;
				INFOPLIST_FILE = HappyPotterTests/Info.plist;
				IPHONEOS_DEPLOYMENT_TARGET = 13.2;
				LD_RUNPATH_SEARCH_PATHS = (
					"$(inherited)",
					"@executable_path/Frameworks",
					"@loader_path/Frameworks",
				);
				PRODUCT_BUNDLE_IDENTIFIER = com.siqueira.HappyPotterTests;
				PRODUCT_NAME = "$(TARGET_NAME)";
				SWIFT_VERSION = 5.0;
				TARGETED_DEVICE_FAMILY = "1,2";
				TEST_HOST = "$(BUILT_PRODUCTS_DIR)/HappyPotter.app/HappyPotter";
			};
			name = Debug;
		};
		4DA79B2A241455840021B4A9 /* Release */ = {
			isa = XCBuildConfiguration;
			buildSettings = {
				ALWAYS_EMBED_SWIFT_STANDARD_LIBRARIES = YES;
				BUNDLE_LOADER = "$(TEST_HOST)";
				CODE_SIGN_STYLE = Automatic;
				DEVELOPMENT_TEAM = 95JV778GN4;
				INFOPLIST_FILE = HappyPotterTests/Info.plist;
				IPHONEOS_DEPLOYMENT_TARGET = 13.2;
				LD_RUNPATH_SEARCH_PATHS = (
					"$(inherited)",
					"@executable_path/Frameworks",
					"@loader_path/Frameworks",
				);
				PRODUCT_BUNDLE_IDENTIFIER = com.siqueira.HappyPotterTests;
				PRODUCT_NAME = "$(TARGET_NAME)";
				SWIFT_VERSION = 5.0;
				TARGETED_DEVICE_FAMILY = "1,2";
				TEST_HOST = "$(BUILT_PRODUCTS_DIR)/HappyPotter.app/HappyPotter";
			};
			name = Release;
		};
		4DA79B2C241455840021B4A9 /* Debug */ = {
			isa = XCBuildConfiguration;
			buildSettings = {
				ALWAYS_EMBED_SWIFT_STANDARD_LIBRARIES = YES;
				CODE_SIGN_STYLE = Automatic;
				DEVELOPMENT_TEAM = 95JV778GN4;
				INFOPLIST_FILE = HappyPotterUITests/Info.plist;
				LD_RUNPATH_SEARCH_PATHS = (
					"$(inherited)",
					"@executable_path/Frameworks",
					"@loader_path/Frameworks",
				);
				PRODUCT_BUNDLE_IDENTIFIER = com.siqueira.HappyPotterUITests;
				PRODUCT_NAME = "$(TARGET_NAME)";
				SWIFT_VERSION = 5.0;
				TARGETED_DEVICE_FAMILY = "1,2";
				TEST_TARGET_NAME = HappyPotter;
			};
			name = Debug;
		};
		4DA79B2D241455840021B4A9 /* Release */ = {
			isa = XCBuildConfiguration;
			buildSettings = {
				ALWAYS_EMBED_SWIFT_STANDARD_LIBRARIES = YES;
				CODE_SIGN_STYLE = Automatic;
				DEVELOPMENT_TEAM = 95JV778GN4;
				INFOPLIST_FILE = HappyPotterUITests/Info.plist;
				LD_RUNPATH_SEARCH_PATHS = (
					"$(inherited)",
					"@executable_path/Frameworks",
					"@loader_path/Frameworks",
				);
				PRODUCT_BUNDLE_IDENTIFIER = com.siqueira.HappyPotterUITests;
				PRODUCT_NAME = "$(TARGET_NAME)";
				SWIFT_VERSION = 5.0;
				TARGETED_DEVICE_FAMILY = "1,2";
				TEST_TARGET_NAME = HappyPotter;
			};
			name = Release;
		};
/* End XCBuildConfiguration section */

/* Begin XCConfigurationList section */
		4DA79AF6241455800021B4A9 /* Build configuration list for PBXProject "HappyPotter" */ = {
			isa = XCConfigurationList;
			buildConfigurations = (
				4DA79B23241455840021B4A9 /* Debug */,
				4DA79B24241455840021B4A9 /* Release */,
			);
			defaultConfigurationIsVisible = 0;
			defaultConfigurationName = Release;
		};
		4DA79B25241455840021B4A9 /* Build configuration list for PBXNativeTarget "HappyPotter" */ = {
			isa = XCConfigurationList;
			buildConfigurations = (
				4DA79B26241455840021B4A9 /* Debug */,
				4DA79B27241455840021B4A9 /* Release */,
			);
			defaultConfigurationIsVisible = 0;
			defaultConfigurationName = Release;
		};
		4DA79B28241455840021B4A9 /* Build configuration list for PBXNativeTarget "HappyPotterTests" */ = {
			isa = XCConfigurationList;
			buildConfigurations = (
				4DA79B29241455840021B4A9 /* Debug */,
				4DA79B2A241455840021B4A9 /* Release */,
			);
			defaultConfigurationIsVisible = 0;
			defaultConfigurationName = Release;
		};
		4DA79B2B241455840021B4A9 /* Build configuration list for PBXNativeTarget "HappyPotterUITests" */ = {
			isa = XCConfigurationList;
			buildConfigurations = (
				4DA79B2C241455840021B4A9 /* Debug */,
				4DA79B2D241455840021B4A9 /* Release */,
			);
			defaultConfigurationIsVisible = 0;
			defaultConfigurationName = Release;
		};
/* End XCConfigurationList section */
	};
	rootObject = 4DA79AF3241455800021B4A9 /* Project object */;
}
